
Microsoft Visual Studio Solution File, Format Version 12.00
# Visual Studio Version 16
VisualStudioVersion = 16.0.32228.343
MinimumVisualStudioVersion = 10.0.40219.1
Project("{9A19103F-16F7-4668-BE54-9A1E7A4F7556}") = "habit-register", "habit-register.csproj", "{AC15348A-D9CF-4342-B430-53003985A5A6}"
EndProject
Global
	GlobalSection(SolutionConfigurationPlatforms) = preSolution
		Debug|Any CPU = Debug|Any CPU
		Release|Any CPU = Release|Any CPU
	EndGlobalSection
	GlobalSection(ProjectConfigurationPlatforms) = postSolution
		{AC15348A-D9CF-4342-B430-53003985A5A6}.Debug|Any CPU.ActiveCfg = Debug|Any CPU
		{AC15348A-D9CF-4342-B430-53003985A5A6}.Debug|Any CPU.Build.0 = Debug|Any CPU
		{AC15348A-D9CF-4342-B430-53003985A5A6}.Release|Any CPU.ActiveCfg = Release|Any CPU
		{AC15348A-D9CF-4342-B430-53003985A5A6}.Release|Any CPU.Build.0 = Release|Any CPU
	EndGlobalSection
	GlobalSection(SolutionProperties) = preSolution
		HideSolutionNode = FALSE
	EndGlobalSection
	GlobalSection(ExtensibilityGlobals) = postSolution
		SolutionGuid = {49E85199-F938-4CC4-84FE-80FB2B03F118}
	EndGlobalSection
EndGlobal
